
Microsoft Visual Studio Solution File, Format Version 12.00
# Visual Studio Version 17
VisualStudioVersion = 17.4.33122.133
MinimumVisualStudioVersion = 10.0.40219.1
Project("{FAE04EC0-301F-11D3-BF4B-00C04F79EFBC}") = "App9", "App9\App9.csproj", "{02912B20-91A8-423C-9184-247C346E6128}"
EndProject
Global
	GlobalSection(SolutionConfigurationPlatforms) = preSolution
		Debug|Any CPU = Debug|Any CPU
		Release|Any CPU = Release|Any CPU
	EndGlobalSection
	GlobalSection(ProjectConfigurationPlatforms) = postSolution
		{02912B20-91A8-423C-9184-247C346E6128}.Debug|Any CPU.ActiveCfg = Debug|Any CPU
		{02912B20-91A8-423C-9184-247C346E6128}.Debug|Any CPU.Build.0 = Debug|Any CPU
		{02912B20-91A8-423C-9184-247C346E6128}.Release|Any CPU.ActiveCfg = Release|Any CPU
		{02912B20-91A8-423C-9184-247C346E6128}.Release|Any CPU.Build.0 = Release|Any CPU
	EndGlobalSection
	GlobalSection(SolutionProperties) = preSolution
		HideSolutionNode = FALSE
	EndGlobalSection
	GlobalSection(ExtensibilityGlobals) = postSolution
		SolutionGuid = {F720B106-AAF6-4CE1-8D1E-580B3F870E91}
	EndGlobalSection
EndGlobal
